{
  "nodes": {
    "a2sSrc": {
      "flake": false,
      "locked": {
        "lastModified": 1679346231,
        "narHash": "sha256-cbXqDeVfAJyk5PeZWBSmi6G4ynYC3L34LFofKPdlwGo=",
        "owner": "yepoleb",
        "repo": "python-a2s",
        "rev": "c7590ffa9a6d0c6912e17ceeab15b832a1090640",
        "type": "github"
      },
      "original": {
        "owner": "yepoleb",
        "repo": "python-a2s",
        "rev": "c7590ffa9a6d0c6912e17ceeab15b832a1090640",
        "type": "github"
      }
    },
    "dayzquerySrc": {
      "flake": false,
      "locked": {
        "lastModified": 1730587383,
        "narHash": "sha256-oKzruS+5f3goXmqS4Oy7XIKcv8GZ1SavmHI1+XC9rVA=",
        "owner": "yepoleb",
        "repo": "dayzquery",
        "rev": "3088bbfb147b77bc7b6a9425581b439889ff3f7f",
        "type": "github"
      },
      "original": {
        "owner": "yepoleb",
        "repo": "dayzquery",
        "type": "github"
      }
    },
    "dzguiSrc": {
      "flake": false,
      "locked": {
        "lastModified": 1744895618,
        "narHash": "sha256-ccz4POM5yPd2jWJGeX9UDBA3cJ0/kXUPrApGOJLEvns=",
        "ref": "dzgui",
        "rev": "5ab18d07961b7c995843f76f6c7ce340ddcf1b4a",
        "revCount": 1154,
        "type": "git",
        "url": "https://codeberg.org/aclist/dztui"
      },
      "original": {
        "ref": "dzgui",
        "type": "git",
        "url": "https://codeberg.org/aclist/dztui"
      }
    },
    "dzguiSrc-testing": {
      "flake": false,
      "locked": {
        "lastModified": 1744895692,
        "narHash": "sha256-s0xOVS2zmYctvCP0ZLnYQtd1xoqUbm0FLvKr0cktg4Q=",
        "ref": "testing",
        "rev": "99fbc7a2cc07fbe7bc4645714c27afd140886665",
        "revCount": 1128,
        "type": "git",
        "url": "https://codeberg.org/aclist/dztui"
      },
      "original": {
        "ref": "testing",
        "type": "git",
        "url": "https://codeberg.org/aclist/dztui"
      }
    },
    "nixpkgs": {
      "locked": {
        "lastModified": 1745526057,
        "narHash": "sha256-ITSpPDwvLBZBnPRS2bUcHY3gZSwis/uTe255QgMtTLA=",
        "owner": "nixos",
        "repo": "nixpkgs",
        "rev": "f771eb401a46846c1aebd20552521b233dd7e18b",
        "type": "github"
      },
      "original": {
        "owner": "nixos",
        "ref": "nixos-unstable",
        "repo": "nixpkgs",
        "type": "github"
      }
    },
    "root": {
      "inputs": {
        "a2sSrc": "a2sSrc",
        "dayzquerySrc": "dayzquerySrc",
        "dzguiSrc": "dzguiSrc",
        "dzguiSrc-testing": "dzguiSrc-testing",
        "nixpkgs": "nixpkgs"
      }
    }
  },
  "root": "root",
  "version": 7
}
