{
  "nodes": {
    "a2sSrc": {
      "flake": false,
      "locked": {
        "lastModified": 1679346231,
        "narHash": "sha256-cbXqDeVfAJyk5PeZWBSmi6G4ynYC3L34LFofKPdlwGo=",
        "owner": "yepoleb",
        "repo": "python-a2s",
        "rev": "c7590ffa9a6d0c6912e17ceeab15b832a1090640",
        "type": "github"
      },
      "original": {
        "owner": "yepoleb",
        "repo": "python-a2s",
        "rev": "c7590ffa9a6d0c6912e17ceeab15b832a1090640",
        "type": "github"
      }
    },
    "dayzquerySrc": {
      "flake": false,
      "locked": {
        "lastModified": 1730587383,
        "narHash": "sha256-oKzruS+5f3goXmqS4Oy7XIKcv8GZ1SavmHI1+XC9rVA=",
        "owner": "yepoleb",
        "repo": "dayzquery",
        "rev": "3088bbfb147b77bc7b6a9425581b439889ff3f7f",
        "type": "github"
      },
      "original": {
        "owner": "yepoleb",
        "repo": "dayzquery",
        "type": "github"
      }
    },
    "dzguiSrc": {
      "flake": false,
      "locked": {
        "lastModified": 1749113348,
        "narHash": "sha256-ImAlo9ZZc9p3S9O3UoBxIYJL4ItqdAycsAlHUVGXeAw=",
        "ref": "dzgui",
        "rev": "edee9b623435d02fa550b90e02d37c2d1fa76456",
        "revCount": 1156,
        "type": "git",
        "url": "https://codeberg.org/aclist/dztui"
      },
      "original": {
        "ref": "dzgui",
        "type": "git",
        "url": "https://codeberg.org/aclist/dztui"
      }
    },
    "dzguiSrc-testing": {
      "flake": false,
      "locked": {
        "lastModified": 1749113437,
        "narHash": "sha256-WG0ObHhoWVbEyoSzp8asgW3W9Cah8rwrNOh7Ws5OW6U=",
        "ref": "testing",
        "rev": "ec23a4eb2e3a291934079e4ea10f345ae1e95415",
        "revCount": 1135,
        "type": "git",
        "url": "https://codeberg.org/aclist/dztui"
      },
      "original": {
        "ref": "testing",
        "type": "git",
        "url": "https://codeberg.org/aclist/dztui"
      }
    },
    "nixpkgs": {
      "locked": {
        "lastModified": 1751637120,
        "narHash": "sha256-xVNy/XopSfIG9c46nRmPaKfH1Gn/56vQ8++xWA8itO4=",
        "owner": "nixos",
        "repo": "nixpkgs",
        "rev": "5c724ed1388e53cc231ed98330a60eb2f7be4be3",
        "type": "github"
      },
      "original": {
        "owner": "nixos",
        "ref": "nixos-unstable",
        "repo": "nixpkgs",
        "type": "github"
      }
    },
    "root": {
      "inputs": {
        "a2sSrc": "a2sSrc",
        "dayzquerySrc": "dayzquerySrc",
        "dzguiSrc": "dzguiSrc",
        "dzguiSrc-testing": "dzguiSrc-testing",
        "nixpkgs": "nixpkgs"
      }
    }
  },
  "root": "root",
  "version": 7
}
